{
  "lib/spyke/connection_lambda.rb:707857843": [
    [16, 7, 60, "ThreadSafety/ClassAndModuleAttributes: Avoid mutating class and module attributes.", 3361415896]
  ],
  "spyke-connection_lambda.gemspec:4208841732": [
    [51, 3, 42, "Gemspec/DependencyVersion: Dependency version specification is required.", 498701382],
    [51, 3, 42, "Style/MethodCallWithArgsParentheses: Use parentheses for method calls with arguments.", 498701382],
    [52, 3, 47, "Gemspec/DependencyVersion: Dependency version specification is required.", 2015476677],
    [52, 3, 47, "Style/MethodCallWithArgsParentheses: Use parentheses for method calls with arguments.", 2015476677],
    [53, 3, 52, "Gemspec/DependencyVersion: Dependency version specification is required.", 3489506113],
    [53, 3, 52, "Style/MethodCallWithArgsParentheses: Use parentheses for method calls with arguments.", 3489506113],
    [54, 3, 39, "Gemspec/DependencyVersion: Dependency version specification is required.", 593602651],
    [54, 3, 39, "Style/MethodCallWithArgsParentheses: Use parentheses for method calls with arguments.", 593602651],
    [55, 3, 44, "Gemspec/DependencyVersion: Dependency version specification is required.", 204332093],
    [55, 3, 44, "Style/MethodCallWithArgsParentheses: Use parentheses for method calls with arguments.", 204332093],
    [56, 3, 37, "Gemspec/DependencyVersion: Dependency version specification is required.", 1202442760],
    [56, 3, 37, "Style/MethodCallWithArgsParentheses: Use parentheses for method calls with arguments.", 1202442760],
    [57, 3, 38, "Gemspec/DependencyVersion: Dependency version specification is required.", 1032140206],
    [57, 3, 38, "Style/MethodCallWithArgsParentheses: Use parentheses for method calls with arguments.", 1032140206],
    [58, 3, 43, "Gemspec/DependencyVersion: Dependency version specification is required.", 2802811655],
    [58, 3, 43, "Style/MethodCallWithArgsParentheses: Use parentheses for method calls with arguments.", 2802811655],
    [59, 3, 48, "Gemspec/DependencyVersion: Dependency version specification is required.", 355398172],
    [59, 3, 48, "Style/MethodCallWithArgsParentheses: Use parentheses for method calls with arguments.", 355398172],
    [61, 3, 41, "Gemspec/DependencyVersion: Dependency version specification is required.", 1641716169],
    [61, 3, 41, "Style/MethodCallWithArgsParentheses: Use parentheses for method calls with arguments.", 1641716169]
  ],
  "test/spyke/test_connection_lambda.rb:1920384974": [
    [8, 31, 4, "Layout/FirstMethodArgumentLineBreak: Add a line break before the first argument of a multi-line method argument list.", 2086149225],
    [9, 31, 50, "Layout/ArgumentAlignment: Use one level of indentation for arguments following the first line of a multi-line method call.", 3505867603],
    [9, 108, 1, "Layout/SpaceInsideHashLiteralBraces: Space inside { detected.", 177541],
    [9, 109, 5, "Layout/FirstHashElementLineBreak: Add a line break before the first element of a multi-line hash.", 179086467],
    [10, 109, 19, "Style/TrailingCommaInHashLiteral: Put a comma after the last item of a multiline hash.", 3356438508],
    [10, 128, 1, "Layout/SpaceInsideHashLiteralBraces: Space inside } detected.", 177541],
    [13, 7, 25, "Style/MethodCallWithArgsParentheses: Use parentheses for method calls with arguments.", 2228063659],
    [17, 31, 4, "Layout/FirstMethodArgumentLineBreak: Add a line break before the first argument of a multi-line method argument list.", 2086149225],
    [18, 31, 54, "Layout/ArgumentAlignment: Use one level of indentation for arguments following the first line of a multi-line method call.", 1779760659],
    [18, 112, 1, "Layout/SpaceInsideHashLiteralBraces: Space inside { detected.", 177541],
    [18, 113, 5, "Layout/FirstHashElementLineBreak: Add a line break before the first element of a multi-line hash.", 179086467],
    [19, 113, 21, "Style/TrailingCommaInHashLiteral: Put a comma after the last item of a multiline hash.", 1868538437],
    [19, 134, 1, "Layout/SpaceInsideHashLiteralBraces: Space inside } detected.", 177541],
    [22, 7, 25, "Style/MethodCallWithArgsParentheses: Use parentheses for method calls with arguments.", 2228063659],
    [26, 31, 4, "Layout/FirstMethodArgumentLineBreak: Add a line break before the first argument of a multi-line method argument list.", 2086149225],
    [27, 31, 50, "Layout/ArgumentAlignment: Use one level of indentation for arguments following the first line of a multi-line method call.", 3445249875],
    [27, 108, 1, "Layout/SpaceInsideHashLiteralBraces: Space inside { detected.", 177541],
    [27, 109, 5, "Layout/FirstHashElementLineBreak: Add a line break before the first element of a multi-line hash.", 179086467],
    [28, 109, 19, "Style/TrailingCommaInHashLiteral: Put a comma after the last item of a multiline hash.", 589009526],
    [28, 128, 1, "Layout/SpaceInsideHashLiteralBraces: Space inside } detected.", 177541],
    [31, 7, 25, "Style/MethodCallWithArgsParentheses: Use parentheses for method calls with arguments.", 2228063659],
    [35, 31, 4, "Layout/FirstMethodArgumentLineBreak: Add a line break before the first argument of a multi-line method argument list.", 2086149225],
    [36, 31, 54, "Layout/ArgumentAlignment: Use one level of indentation for arguments following the first line of a multi-line method call.", 1919819219],
    [36, 112, 1, "Layout/SpaceInsideHashLiteralBraces: Space inside { detected.", 177541],
    [36, 113, 5, "Layout/FirstHashElementLineBreak: Add a line break before the first element of a multi-line hash.", 179086467],
    [37, 113, 21, "Style/TrailingCommaInHashLiteral: Put a comma after the last item of a multiline hash.", 228554276],
    [37, 134, 1, "Layout/SpaceInsideHashLiteralBraces: Space inside } detected.", 177541],
    [40, 7, 25, "Style/MethodCallWithArgsParentheses: Use parentheses for method calls with arguments.", 2228063659]
  ],
  "test/support/fixtures.rb:1286827392": [
    [10, 7, 21, "Style/TrailingCommaInHashLiteral: Put a comma after the last item of a multiline hash.", 111672251],
    [13, 17, 1, "Layout/SpaceInsideHashLiteralBraces: Space inside { detected.", 177541],
    [13, 27, 1, "Layout/SpaceInsideHashLiteralBraces: Space inside { detected.", 177541],
    [13, 52, 1, "Layout/SpaceInsideHashLiteralBraces: Space inside } detected.", 177541],
    [13, 54, 1, "Layout/SpaceInsideHashLiteralBraces: Space inside } detected.", 177541],
    [18, 3, 28, "Style/MethodCallWithArgsParentheses: Use parentheses for method calls with arguments.", 3082755798],
    [18, 18, 2, "Layout/ExtraSpacing: Unnecessary spacing detected.", 5858821],
    [19, 3, 23, "Style/MethodCallWithArgsParentheses: Use parentheses for method calls with arguments.", 1755018416],
    [19, 18, 2, "Layout/ExtraSpacing: Unnecessary spacing detected.", 5858821],
    [20, 3, 28, "Style/MethodCallWithArgsParentheses: Use parentheses for method calls with arguments.", 2559651103],
    [20, 14, 6, "Layout/ExtraSpacing: Unnecessary spacing detected.", 3135555589],
    [21, 3, 41, "Style/MethodCallWithArgsParentheses: Use parentheses for method calls with arguments.", 3882489329],
    [21, 18, 2, "Layout/ExtraSpacing: Unnecessary spacing detected.", 5858821],
    [44, 3, 111, "Style/ClassMethodsDefinitions: Use `class << self` to define a class method.", 2069241630],
    [60, 3, 31, "Style/SingleLineMethods: Avoid single-line method definitions.", 3924939458],
    [61, 3, 26, "Layout/EmptyLineBetweenDefs: Expected 1 empty line between method definitions; found 0.", 1861134307],
    [61, 3, 31, "Style/SingleLineMethods: Avoid single-line method definitions.", 2522815607],
    [62, 3, 24, "Layout/EmptyLineBetweenDefs: Expected 1 empty line between method definitions; found 0.", 4294919667],
    [62, 3, 29, "Style/SingleLineMethods: Avoid single-line method definitions.", 59896935],
    [88, 3, 192, "Style/ClassMethodsDefinitions: Use `class << self` to define a class method.", 2590076631],
    [118, 5, 28, "Style/MethodCallWithArgsParentheses: Use parentheses for method calls with arguments.", 2559651103],
    [118, 16, 6, "Layout/ExtraSpacing: Unnecessary spacing detected.", 3135555589],
    [119, 5, 41, "Style/MethodCallWithArgsParentheses: Use parentheses for method calls with arguments.", 3882489329],
    [119, 20, 2, "Layout/ExtraSpacing: Unnecessary spacing detected.", 5858821],
    [126, 3, 127, "Style/ClassMethodsDefinitions: Use `class << self` to define a class method.", 300430344],
    [157, 3, 100, "Style/ClassMethodsDefinitions: Use `class << self` to define a class method.", 744082338],
    [171, 3, 102, "Style/ClassMethodsDefinitions: Use `class << self` to define a class method.", 2802035184]
  ],
  "test/support/webmock.rb:4224421699": [
    [14, 4, 1, "Layout/SpaceInsideHashLiteralBraces: Space inside { detected.", 177541],
    [14, 14, 1, "Layout/SpaceInsideHashLiteralBraces: Space inside } detected.", 177541]
  ],
  "test/test_helper.rb:3074728927": [
    [21, 1, 62, "Style/MethodCallWithArgsParentheses: Use parentheses for method calls with arguments.", 1412276455],
    [23, 1, 54, "Style/MethodCallWithArgsParentheses: Use parentheses for method calls with arguments.", 2081688230]
  ]
}
